
Microsoft Visual Studio Solution File, Format Version 12.00
# Visual Studio 15
VisualStudioVersion = 15.0.28307.852
MinimumVisualStudioVersion = 10.0.40219.1
Project("{FAE04EC0-301F-11D3-BF4B-00C04F79EFBC}") = "SportSectionsCourseWork", "SportSectionsCourseWork\SportSectionsCourseWork.csproj", "{D626F908-5D2C-42F9-B8B6-0A3980997245}"
EndProject
Global
	GlobalSection(SolutionConfigurationPlatforms) = preSolution
		Debug|Any CPU = Debug|Any CPU
		Release|Any CPU = Release|Any CPU
	EndGlobalSection
	GlobalSection(ProjectConfigurationPlatforms) = postSolution
		{D626F908-5D2C-42F9-B8B6-0A3980997245}.Debug|Any CPU.ActiveCfg = Debug|Any CPU
		{D626F908-5D2C-42F9-B8B6-0A3980997245}.Debug|Any CPU.Build.0 = Debug|Any CPU
		{D626F908-5D2C-42F9-B8B6-0A3980997245}.Release|Any CPU.ActiveCfg = Release|Any CPU
		{D626F908-5D2C-42F9-B8B6-0A3980997245}.Release|Any CPU.Build.0 = Release|Any CPU
	EndGlobalSection
	GlobalSection(SolutionProperties) = preSolution
		HideSolutionNode = FALSE
	EndGlobalSection
	GlobalSection(ExtensibilityGlobals) = postSolution
		SolutionGuid = {18677C47-B833-4712-A9F3-BE06F428B292}
	EndGlobalSection
EndGlobal
